
Microsoft Visual Studio Solution File, Format Version 12.00
# Visual Studio Version 17
VisualStudioVersion = 17.11.35327.3
MinimumVisualStudioVersion = 10.0.40219.1
Project("{FAE04EC0-301F-11D3-BF4B-00C04F79EFBC}") = "WpfApp4", "WpfApp4.csproj", "{C40484A4-AA94-40BC-9DEE-54E62025B6A7}"
EndProject
Project("{FAE04EC0-301F-11D3-BF4B-00C04F79EFBC}") = "WpfLibrary3", "..\WpfLibrary3\WpfLibrary3.csproj", "{F05199F9-4FD5-45C3-B044-4497BED0A903}"
EndProject
Global
	GlobalSection(SolutionConfigurationPlatforms) = preSolution
		Debug|Any CPU = Debug|Any CPU
		Release|Any CPU = Release|Any CPU
	EndGlobalSection
	GlobalSection(ProjectConfigurationPlatforms) = postSolution
		{C40484A4-AA94-40BC-9DEE-54E62025B6A7}.Debug|Any CPU.ActiveCfg = Debug|Any CPU
		{C40484A4-AA94-40BC-9DEE-54E62025B6A7}.Debug|Any CPU.Build.0 = Debug|Any CPU
		{C40484A4-AA94-40BC-9DEE-54E62025B6A7}.Release|Any CPU.ActiveCfg = Release|Any CPU
		{C40484A4-AA94-40BC-9DEE-54E62025B6A7}.Release|Any CPU.Build.0 = Release|Any CPU
		{F05199F9-4FD5-45C3-B044-4497BED0A903}.Debug|Any CPU.ActiveCfg = Debug|Any CPU
		{F05199F9-4FD5-45C3-B044-4497BED0A903}.Debug|Any CPU.Build.0 = Debug|Any CPU
		{F05199F9-4FD5-45C3-B044-4497BED0A903}.Release|Any CPU.ActiveCfg = Release|Any CPU
		{F05199F9-4FD5-45C3-B044-4497BED0A903}.Release|Any CPU.Build.0 = Release|Any CPU
	EndGlobalSection
	GlobalSection(SolutionProperties) = preSolution
		HideSolutionNode = FALSE
	EndGlobalSection
	GlobalSection(ExtensibilityGlobals) = postSolution
		SolutionGuid = {D58970AA-ECBA-40A1-9384-5D53F80C8B23}
	EndGlobalSection
EndGlobal
